{
    "name": "lerna-test-pkg3",
    "version": "0.9.18",
    "lockfileVersion": 1,
    "requires": true,
    "dependencies": {
        "lerna-test-pkg1": {
            "version": "0.9.20-alpha.3",
            "resolved": "https://registry.npmjs.org/lerna-test-pkg1/-/lerna-test-pkg1-0.9.20-alpha.3.tgz",
            "integrity": "sha512-65Skh0rD2L8PKk4Og4arHC3C5aljfXxQe/fUBqDn+r8GGO3DGGQsTggpFXBnuexPwR2mdS62wLw3G5bikiEPeQ=="
        },
        "lerna-test-pkg2": {
            "version": "0.9.20-alpha.3",
            "resolved": "https://registry.npmjs.org/lerna-test-pkg2/-/lerna-test-pkg2-0.9.20-alpha.3.tgz",
            "integrity": "sha512-NdubPERAv/gP540G9YT8uU51lgAc3lPWk3GBVQoweT9ek07O7bql/lB1vPMHiRPfcBpE01ShWhrwH3zSf5lvoA==",
            "requires": {
                "lerna-test-pkg1": "^0.9.20-alpha.3"
            }
        }
    }
}
