{
    "name": "lerna-test-pkg3",
    "version": "0.9.18-alpha.1",
    "lockfileVersion": 1,
    "requires": true,
    "dependencies": {
        "lerna-test-pkg1": {
            "version": "0.9.18-alpha.3",
            "resolved": "https://registry.npmjs.org/lerna-test-pkg1/-/lerna-test-pkg1-0.9.18-alpha.3.tgz",
            "integrity": "sha512-HF5eHujVtUATqgfZ9gdd+UU2ykhvqYnknufWmtq2L9PGh5bvXSIlasmwzAa5p6PD3e2rUdeQdgv5/IV8IOl89g=="
        },
        "lerna-test-pkg2": {
            "version": "0.9.18-alpha.3",
            "resolved": "https://registry.npmjs.org/lerna-test-pkg2/-/lerna-test-pkg2-0.9.18-alpha.3.tgz",
            "integrity": "sha512-PZ0Wy8pCBoj2y4g0na/0DDfpMYFZvFZjavS77GuxN5rX6Y+esKKAJxn/I2LGri2W3QHb7P7PHFv0fXNCcet59g==",
            "requires": {
                "lerna-test-pkg1": "^0.9.18-alpha.3"
            }
        }
    }
}
