{
    "name": "lerna-test-pkg3",
    "version": "0.9.20-alpha.1",
    "lockfileVersion": 1,
    "requires": true,
    "dependencies": {
        "lerna-test-pkg1": {
            "version": "0.9.20",
            "resolved": "https://registry.npmjs.org/lerna-test-pkg1/-/lerna-test-pkg1-0.9.20.tgz",
            "integrity": "sha512-dd6nOkoVVwciG1QSx+DmXj5rxCiIlbzoWvqoaUOWzQU73hT4u+QXQdBqmqOFKUGQdUDUArPK7yTGmjCfCEwpxw=="
        },
        "lerna-test-pkg2": {
            "version": "0.9.20",
            "resolved": "https://registry.npmjs.org/lerna-test-pkg2/-/lerna-test-pkg2-0.9.20.tgz",
            "integrity": "sha512-L/niQ1s9d92ZB/Bz0sJd41Y76wSsoIOhH9VtMVoyM2mtZzJ8UGItoPFDvy/1TpyQnMBoARGyb8Dr9fPTTEUJYw==",
            "requires": {
                "lerna-test-pkg1": "^0.9.20"
            }
        }
    }
}
