{
    "name": "lerna-test-pkg2",
    "version": "0.9.20-alpha.1",
    "lockfileVersion": 1,
    "requires": true,
    "dependencies": {
        "lerna-test-pkg1": {
            "version": "0.9.20-alpha.0",
            "resolved": "https://registry.npmjs.org/lerna-test-pkg1/-/lerna-test-pkg1-0.9.20-alpha.0.tgz",
            "integrity": "sha512-3qM6Vnlu28rc3j2gZSOlRLwR9eZDPqRL8Jsi6GbGdHFEQW0Y46UzuEKBKXPdi7tHVoW/NlY2fsH231Q4R3RSRw=="
        }
    }
}
