{
    "name": "lerna-test-pkg2",
    "version": "0.9.20",
    "lockfileVersion": 1,
    "requires": true,
    "dependencies": {
        "lerna-test-pkg1": {
            "version": "0.9.20-alpha.3",
            "resolved": "https://registry.npmjs.org/lerna-test-pkg1/-/lerna-test-pkg1-0.9.20-alpha.3.tgz",
            "integrity": "sha512-65Skh0rD2L8PKk4Og4arHC3C5aljfXxQe/fUBqDn+r8GGO3DGGQsTggpFXBnuexPwR2mdS62wLw3G5bikiEPeQ=="
        }
    }
}
