{
    "name": "lerna-test-pkg2",
    "version": "0.9.22-beta.3",
    "lockfileVersion": 1,
    "requires": true,
    "dependencies": {
        "lerna-test-pkg1": {
            "version": "0.9.22-beta.2",
            "resolved": "https://registry.npmjs.org/lerna-test-pkg1/-/lerna-test-pkg1-0.9.22-beta.2.tgz",
            "integrity": "sha512-2v7sLBfptDERTLNcyCX8j1cR0wIoz2fHWG7tBO5ehdXxPqXoF3GHv4ayy5UGeHgjiI8kqtrvid4HLeCxSIUQOQ=="
        }
    }
}
